
Microsoft Visual Studio Solution File, Format Version 12.00
# Visual Studio Version 17
VisualStudioVersion = 17.9.34616.47
MinimumVisualStudioVersion = 10.0.40219.1
Project("{FAE04EC0-301F-11D3-BF4B-00C04F79EFBC}") = "PM2EX2G5", "PM2EX2G5.csproj", "{CA76E8C5-2880-4400-A784-BEECCA0D8ECF}"
EndProject
Global
	GlobalSection(SolutionConfigurationPlatforms) = preSolution
		Debug|Any CPU = Debug|Any CPU
		Release|Any CPU = Release|Any CPU
	EndGlobalSection
	GlobalSection(ProjectConfigurationPlatforms) = postSolution
		{CA76E8C5-2880-4400-A784-BEECCA0D8ECF}.Debug|Any CPU.ActiveCfg = Debug|Any CPU
		{CA76E8C5-2880-4400-A784-BEECCA0D8ECF}.Debug|Any CPU.Build.0 = Debug|Any CPU
		{CA76E8C5-2880-4400-A784-BEECCA0D8ECF}.Debug|Any CPU.Deploy.0 = Debug|Any CPU
		{CA76E8C5-2880-4400-A784-BEECCA0D8ECF}.Release|Any CPU.ActiveCfg = Release|Any CPU
		{CA76E8C5-2880-4400-A784-BEECCA0D8ECF}.Release|Any CPU.Build.0 = Release|Any CPU
		{CA76E8C5-2880-4400-A784-BEECCA0D8ECF}.Release|Any CPU.Deploy.0 = Release|Any CPU
	EndGlobalSection
	GlobalSection(SolutionProperties) = preSolution
		HideSolutionNode = FALSE
	EndGlobalSection
	GlobalSection(ExtensibilityGlobals) = postSolution
		SolutionGuid = {62706BA7-21EA-4339-BC1E-189CCF6C5E32}
	EndGlobalSection
EndGlobal
